
Microsoft Visual Studio Solution File, Format Version 12.00
# Visual Studio Version 16
VisualStudioVersion = 16.0.32106.194
MinimumVisualStudioVersion = 10.0.40219.1
Project("{FAE04EC0-301F-11D3-BF4B-00C04F79EFBC}") = "PayUBiz", "PayUBiz\PayUBiz.csproj", "{8F5BFC76-9988-443E-B30E-EA032367791F}"
EndProject
Global
	GlobalSection(SolutionConfigurationPlatforms) = preSolution
		Debug|Any CPU = Debug|Any CPU
		Release|Any CPU = Release|Any CPU
	EndGlobalSection
	GlobalSection(ProjectConfigurationPlatforms) = postSolution
		{8F5BFC76-9988-443E-B30E-EA032367791F}.Debug|Any CPU.ActiveCfg = Debug|Any CPU
		{8F5BFC76-9988-443E-B30E-EA032367791F}.Debug|Any CPU.Build.0 = Debug|Any CPU
		{8F5BFC76-9988-443E-B30E-EA032367791F}.Release|Any CPU.ActiveCfg = Release|Any CPU
		{8F5BFC76-9988-443E-B30E-EA032367791F}.Release|Any CPU.Build.0 = Release|Any CPU
	EndGlobalSection
	GlobalSection(SolutionProperties) = preSolution
		HideSolutionNode = FALSE
	EndGlobalSection
	GlobalSection(ExtensibilityGlobals) = postSolution
		SolutionGuid = {15873EC0-5242-4AEE-8A84-BA0770D32F53}
	EndGlobalSection
EndGlobal
